// !$*UTF8*$!
{
	archiveVersion = 1;
	classes = {
	};
	objectVersion = 56;
	objects = {

/* Begin PBXBuildFile section */
		A62AE61E2A0FD0FD005B3313 /* AppDelegate.swift in Sources */ = {isa = PBXBuildFile; fileRef = A62AE61D2A0FD0FD005B3313 /* AppDelegate.swift */; };
		A62AE6202A0FD0FD005B3313 /* SceneDelegate.swift in Sources */ = {isa = PBXBuildFile; fileRef = A62AE61F2A0FD0FD005B3313 /* SceneDelegate.swift */; };
		A62AE6222A0FD0FD005B3313 /* ViewController.swift in Sources */ = {isa = PBXBuildFile; fileRef = A62AE6212A0FD0FD005B3313 /* ViewController.swift */; };
		A62AE6252A0FD0FD005B3313 /* Main.storyboard in Resources */ = {isa = PBXBuildFile; fileRef = A62AE6232A0FD0FD005B3313 /* Main.storyboard */; };
		A62AE6272A0FD0FE005B3313 /* Assets.xcassets in Resources */ = {isa = PBXBuildFile; fileRef = A62AE6262A0FD0FE005B3313 /* Assets.xcassets */; };
		A62AE62A2A0FD0FE005B3313 /* LaunchScreen.storyboard in Resources */ = {isa = PBXBuildFile; fileRef = A62AE6282A0FD0FE005B3313 /* LaunchScreen.storyboard */; };
		A6D735F22A12918E00346FDA /* PopoverVC.swift in Sources */ = {isa = PBXBuildFile; fileRef = A6D735F12A12918E00346FDA /* PopoverVC.swift */; };
/* End PBXBuildFile section */

/* Begin PBXFileReference section */
		A62AE61A2A0FD0FD005B3313 /* Task5.app */ = {isa = PBXFileReference; explicitFileType = wrapper.application; includeInIndex = 0; path = Task5.app; sourceTree = BUILT_PRODUCTS_DIR; };
		A62AE61D2A0FD0FD005B3313 /* AppDelegate.swift */ = {isa = PBXFileReference; lastKnownFileType = sourcecode.swift; path = AppDelegate.swift; sourceTree = "<group>"; };
		A62AE61F2A0FD0FD005B3313 /* SceneDelegate.swift */ = {isa = PBXFileReference; lastKnownFileType = sourcecode.swift; path = SceneDelegate.swift; sourceTree = "<group>"; };
		A62AE6212A0FD0FD005B3313 /* ViewController.swift */ = {isa = PBXFileReference; lastKnownFileType = sourcecode.swift; path = ViewController.swift; sourceTree = "<group>"; };
		A62AE6242A0FD0FD005B3313 /* Base */ = {isa = PBXFileReference; lastKnownFileType = file.storyboard; name = Base; path = Base.lproj/Main.storyboard; sourceTree = "<group>"; };
		A62AE6262A0FD0FE005B3313 /* Assets.xcassets */ = {isa = PBXFileReference; lastKnownFileType = folder.assetcatalog; path = Assets.xcassets; sourceTree = "<group>"; };
		A62AE6292A0FD0FE005B3313 /* Base */ = {isa = PBXFileReference; lastKnownFileType = file.storyboard; name = Base; path = Base.lproj/LaunchScreen.storyboard; sourceTree = "<group>"; };
		A62AE62B2A0FD0FE005B3313 /* Info.plist */ = {isa = PBXFileReference; lastKnownFileType = text.plist.xml; path = Info.plist; sourceTree = "<group>"; };
		A6D735F12A12918E00346FDA /* PopoverVC.swift */ = {isa = PBXFileReference; lastKnownFileType = sourcecode.swift; path = PopoverVC.swift; sourceTree = "<group>"; };
/* End PBXFileReference section */

/* Begin PBXFrameworksBuildPhase section */
		A62AE6172A0FD0FD005B3313 /* Frameworks */ = {
			isa = PBXFrameworksBuildPhase;
			buildActionMask = 2147483647;
			files = (
			);
			runOnlyForDeploymentPostprocessing = 0;
		};
/* End PBXFrameworksBuildPhase section */

/* Begin PBXGroup section */
		A62AE6112A0FD0FD005B3313 = {
			isa = PBXGroup;
			children = (
				A62AE61C2A0FD0FD005B3313 /* Task5 */,
				A62AE61B2A0FD0FD005B3313 /* Products */,
			);
			sourceTree = "<group>";
		};
		A62AE61B2A0FD0FD005B3313 /* Products */ = {
			isa = PBXGroup;
			children = (
				A62AE61A2A0FD0FD005B3313 /* Task5.app */,
			);
			name = Products;
			sourceTree = "<group>";
		};
		A62AE61C2A0FD0FD005B3313 /* Task5 */ = {
			isa = PBXGroup;
			children = (
				A62AE61D2A0FD0FD005B3313 /* AppDelegate.swift */,
				A62AE61F2A0FD0FD005B3313 /* SceneDelegate.swift */,
				A62AE6212A0FD0FD005B3313 /* ViewController.swift */,
				A62AE6232A0FD0FD005B3313 /* Main.storyboard */,
				A62AE6262A0FD0FE005B3313 /* Assets.xcassets */,
				A62AE6282A0FD0FE005B3313 /* LaunchScreen.storyboard */,
				A62AE62B2A0FD0FE005B3313 /* Info.plist */,
				A6D735F12A12918E00346FDA /* PopoverVC.swift */,
			);
			path = Task5;
			sourceTree = "<group>";
		};
/* End PBXGroup section */

/* Begin PBXNativeTarget section */
		A62AE6192A0FD0FD005B3313 /* Task5 */ = {
			isa = PBXNativeTarget;
			buildConfigurationList = A62AE62E2A0FD0FE005B3313 /* Build configuration list for PBXNativeTarget "Task5" */;
			buildPhases = (
				A62AE6162A0FD0FD005B3313 /* Sources */,
				A62AE6172A0FD0FD005B3313 /* Frameworks */,
				A62AE6182A0FD0FD005B3313 /* Resources */,
			);
			buildRules = (
			);
			dependencies = (
			);
			name = Task5;
			productName = Task5;
			productReference = A62AE61A2A0FD0FD005B3313 /* Task5.app */;
			productType = "com.apple.product-type.application";
		};
/* End PBXNativeTarget section */

/* Begin PBXProject section */
		A62AE6122A0FD0FD005B3313 /* Project object */ = {
			isa = PBXProject;
			attributes = {
				BuildIndependentTargetsInParallel = 1;
				LastSwiftUpdateCheck = 1420;
				LastUpgradeCheck = 1420;
				TargetAttributes = {
					A62AE6192A0FD0FD005B3313 = {
						CreatedOnToolsVersion = 14.2;
					};
				};
			};
			buildConfigurationList = A62AE6152A0FD0FD005B3313 /* Build configuration list for PBXProject "Task5" */;
			compatibilityVersion = "Xcode 14.0";
			developmentRegion = en;
			hasScannedForEncodings = 0;
			knownRegions = (
				en,
				Base,
			);
			mainGroup = A62AE6112A0FD0FD005B3313;
			productRefGroup = A62AE61B2A0FD0FD005B3313 /* Products */;
			projectDirPath = "";
			projectRoot = "";
			targets = (
				A62AE6192A0FD0FD005B3313 /* Task5 */,
			);
		};
/* End PBXProject section */

/* Begin PBXResourcesBuildPhase section */
		A62AE6182A0FD0FD005B3313 /* Resources */ = {
			isa = PBXResourcesBuildPhase;
			buildActionMask = 2147483647;
			files = (
				A62AE62A2A0FD0FE005B3313 /* LaunchScreen.storyboard in Resources */,
				A62AE6272A0FD0FE005B3313 /* Assets.xcassets in Resources */,
				A62AE6252A0FD0FD005B3313 /* Main.storyboard in Resources */,
			);
			runOnlyForDeploymentPostprocessing = 0;
		};
/* End PBXResourcesBuildPhase section */

/* Begin PBXSourcesBuildPhase section */
		A62AE6162A0FD0FD005B3313 /* Sources */ = {
			isa = PBXSourcesBuildPhase;
			buildActionMask = 2147483647;
			files = (
				A62AE6222A0FD0FD005B3313 /* ViewController.swift in Sources */,
				A62AE61E2A0FD0FD005B3313 /* AppDelegate.swift in Sources */,
				A6D735F22A12918E00346FDA /* PopoverVC.swift in Sources */,
				A62AE6202A0FD0FD005B3313 /* SceneDelegate.swift in Sources */,
			);
			runOnlyForDeploymentPostprocessing = 0;
		};
/* End PBXSourcesBuildPhase section */

/* Begin PBXVariantGroup section */
		A62AE6232A0FD0FD005B3313 /* Main.storyboard */ = {
			isa = PBXVariantGroup;
			children = (
				A62AE6242A0FD0FD005B3313 /* Base */,
			);
			name = Main.storyboard;
			sourceTree = "<group>";
		};
		A62AE6282A0FD0FE005B3313 /* LaunchScreen.storyboard */ = {
			isa = PBXVariantGroup;
			children = (
				A62AE6292A0FD0FE005B3313 /* Base */,
			);
			name = LaunchScreen.storyboard;
			sourceTree = "<group>";
		};
/* End PBXVariantGroup section */

/* Begin XCBuildConfiguration section */
		A62AE62C2A0FD0FE005B3313 /* Debug */ = {
			isa = XCBuildConfiguration;
			buildSettings = {
				ALWAYS_SEARCH_USER_PATHS = NO;
				CLANG_ANALYZER_NONNULL = YES;
				CLANG_ANALYZER_NUMBER_OBJECT_CONVERSION = YES_AGGRESSIVE;
				CLANG_CXX_LANGUAGE_STANDARD = "gnu++20";
				CLANG_ENABLE_MODULES = YES;
				CLANG_ENABLE_OBJC_ARC = YES;
				CLANG_ENABLE_OBJC_WEAK = YES;
				CLANG_WARN_BLOCK_CAPTURE_AUTORELEASING = YES;
				CLANG_WARN_BOOL_CONVERSION = YES;
				CLANG_WARN_COMMA = YES;
				CLANG_WARN_CONSTANT_CONVERSION = YES;
				CLANG_WARN_DEPRECATED_OBJC_IMPLEMENTATIONS = YES;
				CLANG_WARN_DIRECT_OBJC_ISA_USAGE = YES_ERROR;
				CLANG_WARN_DOCUMENTATION_COMMENTS = YES;
				CLANG_WARN_EMPTY_BODY = YES;
				CLANG_WARN_ENUM_CONVERSION = YES;
				CLANG_WARN_INFINITE_RECURSION = YES;
				CLANG_WARN_INT_CONVERSION = YES;
				CLANG_WARN_NON_LITERAL_NULL_CONVERSION = YES;
				CLANG_WARN_OBJC_IMPLICIT_RETAIN_SELF = YES;
				CLANG_WARN_OBJC_LITERAL_CONVERSION = YES;
				CLANG_WARN_OBJC_ROOT_CLASS = YES_ERROR;
				CLANG_WARN_QUOTED_INCLUDE_IN_FRAMEWORK_HEADER = YES;
				CLANG_WARN_RANGE_LOOP_ANALYSIS = YES;
				CLANG_WARN_STRICT_PROTOTYPES = YES;
				CLANG_WARN_SUSPICIOUS_MOVE = YES;
				CLANG_WARN_UNGUARDED_AVAILABILITY = YES_AGGRESSIVE;
				CLANG_WARN_UNREACHABLE_CODE = YES;
				CLANG_WARN__DUPLICATE_METHOD_MATCH = YES;
				COPY_PHASE_STRIP = NO;
				DEBUG_INFORMATION_FORMAT = dwarf;
				ENABLE_STRICT_OBJC_MSGSEND = YES;
				ENABLE_TESTABILITY = YES;
				GCC_C_LANGUAGE_STANDARD = gnu11;
				GCC_DYNAMIC_NO_PIC = NO;
				GCC_NO_COMMON_BLOCKS = YES;
				GCC_OPTIMIZATION_LEVEL = 0;
				GCC_PREPROCESSOR_DEFINITIONS = (
					"DEBUG=1",
					"$(inherited)",
				);
				GCC_WARN_64_TO_32_BIT_CONVERSION = YES;
				GCC_WARN_ABOUT_RETURN_TYPE = YES_ERROR;
				GCC_WARN_UNDECLARED_SELECTOR = YES;
				GCC_WARN_UNINITIALIZED_AUTOS = YES_AGGRESSIVE;
				GCC_WARN_UNUSED_FUNCTION = YES;
				GCC_WARN_UNUSED_VARIABLE = YES;
				IPHONEOS_DEPLOYMENT_TARGET = 16.2;
				MTL_ENABLE_DEBUG_INFO = INCLUDE_SOURCE;
				MTL_FAST_MATH = YES;
				ONLY_ACTIVE_ARCH = YES;
				SDKROOT = iphoneos;
				SWIFT_ACTIVE_COMPILATION_CONDITIONS = DEBUG;
				SWIFT_OPTIMIZATION_LEVEL = "-Onone";
			};
			name = Debug;
		};
		A62AE62D2A0FD0FE005B3313 /* Release */ = {
			isa = XCBuildConfiguration;
			buildSettings = {
				ALWAYS_SEARCH_USER_PATHS = NO;
				CLANG_ANALYZER_NONNULL = YES;
				CLANG_ANALYZER_NUMBER_OBJECT_CONVERSION = YES_AGGRESSIVE;
				CLANG_CXX_LANGUAGE_STANDARD = "gnu++20";
				CLANG_ENABLE_MODULES = YES;
				CLANG_ENABLE_OBJC_ARC = YES;
				CLANG_ENABLE_OBJC_WEAK = YES;
				CLANG_WARN_BLOCK_CAPTURE_AUTORELEASING = YES;
				CLANG_WARN_BOOL_CONVERSION = YES;
				CLANG_WARN_COMMA = YES;
				CLANG_WARN_CONSTANT_CONVERSION = YES;
				CLANG_WARN_DEPRECATED_OBJC_IMPLEMENTATIONS = YES;
				CLANG_WARN_DIRECT_OBJC_ISA_USAGE = YES_ERROR;
				CLANG_WARN_DOCUMENTATION_COMMENTS = YES;
				CLANG_WARN_EMPTY_BODY = YES;
				CLANG_WARN_ENUM_CONVERSION = YES;
				CLANG_WARN_INFINITE_RECURSION = YES;
				CLANG_WARN_INT_CONVERSION = YES;
				CLANG_WARN_NON_LITERAL_NULL_CONVERSION = YES;
				CLANG_WARN_OBJC_IMPLICIT_RETAIN_SELF = YES;
				CLANG_WARN_OBJC_LITERAL_CONVERSION = YES;
				CLANG_WARN_OBJC_ROOT_CLASS = YES_ERROR;
				CLANG_WARN_QUOTED_INCLUDE_IN_FRAMEWORK_HEADER = YES;
				CLANG_WARN_RANGE_LOOP_ANALYSIS = YES;
				CLANG_WARN_STRICT_PROTOTYPES = YES;
				CLANG_WARN_SUSPICIOUS_MOVE = YES;
				CLANG_WARN_UNGUARDED_AVAILABILITY = YES_AGGRESSIVE;
				CLANG_WARN_UNREACHABLE_CODE = YES;
				CLANG_WARN__DUPLICATE_METHOD_MATCH = YES;
				COPY_PHASE_STRIP = NO;
				DEBUG_INFORMATION_FORMAT = "dwarf-with-dsym";
				ENABLE_NS_ASSERTIONS = NO;
				ENABLE_STRICT_OBJC_MSGSEND = YES;
				GCC_C_LANGUAGE_STANDARD = gnu11;
				GCC_NO_COMMON_BLOCKS = YES;
				GCC_WARN_64_TO_32_BIT_CONVERSION = YES;
				GCC_WARN_ABOUT_RETURN_TYPE = YES_ERROR;
				GCC_WARN_UNDECLARED_SELECTOR = YES;
				GCC_WARN_UNINITIALIZED_AUTOS = YES_AGGRESSIVE;
				GCC_WARN_UNUSED_FUNCTION = YES;
				GCC_WARN_UNUSED_VARIABLE = YES;
				IPHONEOS_DEPLOYMENT_TARGET = 16.2;
				MTL_ENABLE_DEBUG_INFO = NO;
				MTL_FAST_MATH = YES;
				SDKROOT = iphoneos;
				SWIFT_COMPILATION_MODE = wholemodule;
				SWIFT_OPTIMIZATION_LEVEL = "-O";
				VALIDATE_PRODUCT = YES;
			};
			name = Release;
		};
		A62AE62F2A0FD0FE005B3313 /* Debug */ = {
			isa = XCBuildConfiguration;
			buildSettings = {
				ASSETCATALOG_COMPILER_APPICON_NAME = AppIcon;
				ASSETCATALOG_COMPILER_GLOBAL_ACCENT_COLOR_NAME = AccentColor;
				CODE_SIGN_STYLE = Automatic;
				CURRENT_PROJECT_VERSION = 1;
				DEVELOPMENT_TEAM = 77GK5XUAC5;
				GENERATE_INFOPLIST_FILE = YES;
				INFOPLIST_FILE = Task5/Info.plist;
				INFOPLIST_KEY_UIApplicationSupportsIndirectInputEvents = YES;
				INFOPLIST_KEY_UILaunchStoryboardName = LaunchScreen;
				INFOPLIST_KEY_UISupportedInterfaceOrientations_iPad = "UIInterfaceOrientationPortrait UIInterfaceOrientationPortraitUpsideDown UIInterfaceOrientationLandscapeLeft UIInterfaceOrientationLandscapeRight";
				INFOPLIST_KEY_UISupportedInterfaceOrientations_iPhone = "UIInterfaceOrientationPortrait UIInterfaceOrientationLandscapeLeft UIInterfaceOrientationLandscapeRight";
				LD_RUNPATH_SEARCH_PATHS = (
					"$(inherited)",
					"@executable_path/Frameworks",
				);
				MARKETING_VERSION = 1.0;
				PRODUCT_BUNDLE_IDENTIFIER = com.antigluten.Task5;
				PRODUCT_NAME = "$(TARGET_NAME)";
				SWIFT_EMIT_LOC_STRINGS = YES;
				SWIFT_VERSION = 5.0;
				TARGETED_DEVICE_FAMILY = "1,2";
			};
			name = Debug;
		};
		A62AE6302A0FD0FE005B3313 /* Release */ = {
			isa = XCBuildConfiguration;
			buildSettings = {
				ASSETCATALOG_COMPILER_APPICON_NAME = AppIcon;
				ASSETCATALOG_COMPILER_GLOBAL_ACCENT_COLOR_NAME = AccentColor;
				CODE_SIGN_STYLE = Automatic;
				CURRENT_PROJECT_VERSION = 1;
				DEVELOPMENT_TEAM = 77GK5XUAC5;
				GENERATE_INFOPLIST_FILE = YES;
				INFOPLIST_FILE = Task5/Info.plist;
				INFOPLIST_KEY_UIApplicationSupportsIndirectInputEvents = YES;
				INFOPLIST_KEY_UILaunchStoryboardName = LaunchScreen;
				INFOPLIST_KEY_UISupportedInterfaceOrientations_iPad = "UIInterfaceOrientationPortrait UIInterfaceOrientationPortraitUpsideDown UIInterfaceOrientationLandscapeLeft UIInterfaceOrientationLandscapeRight";
				INFOPLIST_KEY_UISupportedInterfaceOrientations_iPhone = "UIInterfaceOrientationPortrait UIInterfaceOrientationLandscapeLeft UIInterfaceOrientationLandscapeRight";
				LD_RUNPATH_SEARCH_PATHS = (
					"$(inherited)",
					"@executable_path/Frameworks",
				);
				MARKETING_VERSION = 1.0;
				PRODUCT_BUNDLE_IDENTIFIER = com.antigluten.Task5;
				PRODUCT_NAME = "$(TARGET_NAME)";
				SWIFT_EMIT_LOC_STRINGS = YES;
				SWIFT_VERSION = 5.0;
				TARGETED_DEVICE_FAMILY = "1,2";
			};
			name = Release;
		};
/* End XCBuildConfiguration section */

/* Begin XCConfigurationList section */
		A62AE6152A0FD0FD005B3313 /* Build configuration list for PBXProject "Task5" */ = {
			isa = XCConfigurationList;
			buildConfigurations = (
				A62AE62C2A0FD0FE005B3313 /* Debug */,
				A62AE62D2A0FD0FE005B3313 /* Release */,
			);
			defaultConfigurationIsVisible = 0;
			defaultConfigurationName = Release;
		};
		A62AE62E2A0FD0FE005B3313 /* Build configuration list for PBXNativeTarget "Task5" */ = {
			isa = XCConfigurationList;
			buildConfigurations = (
				A62AE62F2A0FD0FE005B3313 /* Debug */,
				A62AE6302A0FD0FE005B3313 /* Release */,
			);
			defaultConfigurationIsVisible = 0;
			defaultConfigurationName = Release;
		};
/* End XCConfigurationList section */
	};
	rootObject = A62AE6122A0FD0FD005B3313 /* Project object */;
}
